
Microsoft Visual Studio Solution File, Format Version 12.00
# Visual Studio 15
VisualStudioVersion = 15.0.28307.852
MinimumVisualStudioVersion = 10.0.40219.1
Project("{9A19103F-16F7-4668-BE54-9A1E7A4F7556}") = "BitPro.SchoolMate.Web", "BitPro.SchoolMate\BitPro.SchoolMate.Web\BitPro.SchoolMate.Web.csproj", "{8A6C6E0C-881F-424D-87D7-937805ADC827}"
EndProject
Global
	GlobalSection(SolutionConfigurationPlatforms) = preSolution
		Debug|Any CPU = Debug|Any CPU
		Release|Any CPU = Release|Any CPU
	EndGlobalSection
	GlobalSection(ProjectConfigurationPlatforms) = postSolution
		{8A6C6E0C-881F-424D-87D7-937805ADC827}.Debug|Any CPU.ActiveCfg = Debug|Any CPU
		{8A6C6E0C-881F-424D-87D7-937805ADC827}.Debug|Any CPU.Build.0 = Debug|Any CPU
		{8A6C6E0C-881F-424D-87D7-937805ADC827}.Release|Any CPU.ActiveCfg = Release|Any CPU
		{8A6C6E0C-881F-424D-87D7-937805ADC827}.Release|Any CPU.Build.0 = Release|Any CPU
	EndGlobalSection
	GlobalSection(SolutionProperties) = preSolution
		HideSolutionNode = FALSE
	EndGlobalSection
	GlobalSection(ExtensibilityGlobals) = postSolution
		VisualSVNWorkingCopyRoot = .
		SolutionGuid = {FC9B416A-9758-4ED7-B836-7C42B1CC4D2C}
	EndGlobalSection
EndGlobal
